
Microsoft Visual Studio Solution File, Format Version 12.00
# Visual Studio Version 16
VisualStudioVersion = 16.0.29613.14
MinimumVisualStudioVersion = 10.0.40219.1
Project("{FAE04EC0-301F-11D3-BF4B-00C04F79EFBC}") = "CSharp-OOP", "CSharp-OOP.csproj", "{9249E725-6752-440A-954A-B51A6B919520}"
EndProject
Global
	GlobalSection(SolutionConfigurationPlatforms) = preSolution
		Debug|Any CPU = Debug|Any CPU
		Release|Any CPU = Release|Any CPU
	EndGlobalSection
	GlobalSection(ProjectConfigurationPlatforms) = postSolution
		{9249E725-6752-440A-954A-B51A6B919520}.Debug|Any CPU.ActiveCfg = Debug|Any CPU
		{9249E725-6752-440A-954A-B51A6B919520}.Debug|Any CPU.Build.0 = Debug|Any CPU
		{9249E725-6752-440A-954A-B51A6B919520}.Release|Any CPU.ActiveCfg = Release|Any CPU
		{9249E725-6752-440A-954A-B51A6B919520}.Release|Any CPU.Build.0 = Release|Any CPU
	EndGlobalSection
	GlobalSection(SolutionProperties) = preSolution
		HideSolutionNode = FALSE
	EndGlobalSection
	GlobalSection(ExtensibilityGlobals) = postSolution
		SolutionGuid = {3961D6B0-94D5-43D2-AFB4-AB938F831036}
	EndGlobalSection
EndGlobal
